
Microsoft Visual Studio Solution File, Format Version 12.00
# Visual Studio Version 17
VisualStudioVersion = 17.10.34928.147
MinimumVisualStudioVersion = 10.0.40219.1
Project("{8BC9CEB8-8B4A-11D0-8D11-00A0C91BC942}") = "LAB5", "LAB5\LAB5.vcxproj", "{D02863F7-6CCD-47E8-837D-8B0D09051004}"
EndProject
Project("{8BC9CEB8-8B4A-11D0-8D11-00A0C91BC942}") = "LAB05", "LAB05\LAB05.vcxproj", "{A84C065C-7F06-4920-95FD-C30DEC0B7F6C}"
EndProject
Project("{8BC9CEB8-8B4A-11D0-8D11-00A0C91BC942}") = "LAB051", "LAB051\LAB051.vcxproj", "{1DB347BB-C3C0-4261-8AE9-C83748B19561}"
EndProject
Project("{8BC9CEB8-8B4A-11D0-8D11-00A0C91BC942}") = "ConsoleApplication1", "ConsoleApplication1\ConsoleApplication1.vcxproj", "{C8DD5D39-CA11-4CA0-ACB6-818ED6DC1769}"
EndProject
Global
	GlobalSection(SolutionConfigurationPlatforms) = preSolution
		Debug|x64 = Debug|x64
		Debug|x86 = Debug|x86
		Release|x64 = Release|x64
		Release|x86 = Release|x86
	EndGlobalSection
	GlobalSection(ProjectConfigurationPlatforms) = postSolution
		{D02863F7-6CCD-47E8-837D-8B0D09051004}.Debug|x64.ActiveCfg = Debug|x64
		{D02863F7-6CCD-47E8-837D-8B0D09051004}.Debug|x64.Build.0 = Debug|x64
		{D02863F7-6CCD-47E8-837D-8B0D09051004}.Debug|x86.ActiveCfg = Debug|Win32
		{D02863F7-6CCD-47E8-837D-8B0D09051004}.Debug|x86.Build.0 = Debug|Win32
		{D02863F7-6CCD-47E8-837D-8B0D09051004}.Release|x64.ActiveCfg = Release|x64
		{D02863F7-6CCD-47E8-837D-8B0D09051004}.Release|x64.Build.0 = Release|x64
		{D02863F7-6CCD-47E8-837D-8B0D09051004}.Release|x86.ActiveCfg = Release|Win32
		{D02863F7-6CCD-47E8-837D-8B0D09051004}.Release|x86.Build.0 = Release|Win32
		{A84C065C-7F06-4920-95FD-C30DEC0B7F6C}.Debug|x64.ActiveCfg = Debug|x64
		{A84C065C-7F06-4920-95FD-C30DEC0B7F6C}.Debug|x64.Build.0 = Debug|x64
		{A84C065C-7F06-4920-95FD-C30DEC0B7F6C}.Debug|x86.ActiveCfg = Debug|Win32
		{A84C065C-7F06-4920-95FD-C30DEC0B7F6C}.Debug|x86.Build.0 = Debug|Win32
		{A84C065C-7F06-4920-95FD-C30DEC0B7F6C}.Release|x64.ActiveCfg = Release|x64
		{A84C065C-7F06-4920-95FD-C30DEC0B7F6C}.Release|x64.Build.0 = Release|x64
		{A84C065C-7F06-4920-95FD-C30DEC0B7F6C}.Release|x86.ActiveCfg = Release|Win32
		{A84C065C-7F06-4920-95FD-C30DEC0B7F6C}.Release|x86.Build.0 = Release|Win32
		{1DB347BB-C3C0-4261-8AE9-C83748B19561}.Debug|x64.ActiveCfg = Debug|x64
		{1DB347BB-C3C0-4261-8AE9-C83748B19561}.Debug|x64.Build.0 = Debug|x64
		{1DB347BB-C3C0-4261-8AE9-C83748B19561}.Debug|x86.ActiveCfg = Debug|Win32
		{1DB347BB-C3C0-4261-8AE9-C83748B19561}.Debug|x86.Build.0 = Debug|Win32
		{1DB347BB-C3C0-4261-8AE9-C83748B19561}.Release|x64.ActiveCfg = Release|x64
		{1DB347BB-C3C0-4261-8AE9-C83748B19561}.Release|x64.Build.0 = Release|x64
		{1DB347BB-C3C0-4261-8AE9-C83748B19561}.Release|x86.ActiveCfg = Release|Win32
		{1DB347BB-C3C0-4261-8AE9-C83748B19561}.Release|x86.Build.0 = Release|Win32
		{C8DD5D39-CA11-4CA0-ACB6-818ED6DC1769}.Debug|x64.ActiveCfg = Debug|x64
		{C8DD5D39-CA11-4CA0-ACB6-818ED6DC1769}.Debug|x64.Build.0 = Debug|x64
		{C8DD5D39-CA11-4CA0-ACB6-818ED6DC1769}.Debug|x86.ActiveCfg = Debug|Win32
		{C8DD5D39-CA11-4CA0-ACB6-818ED6DC1769}.Debug|x86.Build.0 = Debug|Win32
		{C8DD5D39-CA11-4CA0-ACB6-818ED6DC1769}.Release|x64.ActiveCfg = Release|x64
		{C8DD5D39-CA11-4CA0-ACB6-818ED6DC1769}.Release|x64.Build.0 = Release|x64
		{C8DD5D39-CA11-4CA0-ACB6-818ED6DC1769}.Release|x86.ActiveCfg = Release|Win32
		{C8DD5D39-CA11-4CA0-ACB6-818ED6DC1769}.Release|x86.Build.0 = Release|Win32
	EndGlobalSection
	GlobalSection(SolutionProperties) = preSolution
		HideSolutionNode = FALSE
	EndGlobalSection
	GlobalSection(ExtensibilityGlobals) = postSolution
		SolutionGuid = {346C84E4-15AA-4868-903A-AB29FCFF8871}
	EndGlobalSection
EndGlobal
